
Microsoft Visual Studio Solution File, Format Version 12.00
# Visual Studio Version 17
VisualStudioVersion = 17.9.34728.123
MinimumVisualStudioVersion = 10.0.40219.1
Project("{FAE04EC0-301F-11D3-BF4B-00C04F79EFBC}") = "RecipeAPI", "RecipeAPI.csproj", "{4905591D-0E68-427C-9488-7CA13503B90A}"
EndProject
Global
	GlobalSection(SolutionConfigurationPlatforms) = preSolution
		Debug|Any CPU = Debug|Any CPU
		Release|Any CPU = Release|Any CPU
	EndGlobalSection
	GlobalSection(ProjectConfigurationPlatforms) = postSolution
		{4905591D-0E68-427C-9488-7CA13503B90A}.Debug|Any CPU.ActiveCfg = Debug|Any CPU
		{4905591D-0E68-427C-9488-7CA13503B90A}.Debug|Any CPU.Build.0 = Debug|Any CPU
		{4905591D-0E68-427C-9488-7CA13503B90A}.Release|Any CPU.ActiveCfg = Release|Any CPU
		{4905591D-0E68-427C-9488-7CA13503B90A}.Release|Any CPU.Build.0 = Release|Any CPU
	EndGlobalSection
	GlobalSection(SolutionProperties) = preSolution
		HideSolutionNode = FALSE
	EndGlobalSection
	GlobalSection(ExtensibilityGlobals) = postSolution
		SolutionGuid = {5BDF6FBB-15FB-41BC-A93F-1A71DA802B20}
	EndGlobalSection
EndGlobal
